
Microsoft Visual Studio Solution File, Format Version 12.00
# Visual Studio 2013
VisualStudioVersion = 12.0.40629.0
MinimumVisualStudioVersion = 10.0.40219.1
Project("{FAE04EC0-301F-11D3-BF4B-00C04F79EFBC}") = "CSharpSDK.Domain", "Domain\CSharpSDK.Domain\CSharpSDK.Domain.csproj", "{C01D330B-A8D6-4273-8ECE-B828DA641CF7}"
EndProject
Project("{FAE04EC0-301F-11D3-BF4B-00C04F79EFBC}") = "CSharpSDK.Infra", "Infra\CSharpSDK.Infra\CSharpSDK.Infra.csproj", "{4DC4A82C-C2DC-4A8C-A721-44610DCD0B07}"
EndProject
Project("{FAE04EC0-301F-11D3-BF4B-00C04F79EFBC}") = "CSharpSDK.Infra.Tests", "Infra\CSharp.Infra.Tests\CSharpSDK.Infra.Tests.csproj", "{6584702E-F9A1-4D11-8E0E-11294D8D0FC9}"
EndProject
Global
	GlobalSection(SolutionConfigurationPlatforms) = preSolution
		Debug|Any CPU = Debug|Any CPU
		Release|Any CPU = Release|Any CPU
	EndGlobalSection
	GlobalSection(ProjectConfigurationPlatforms) = postSolution
		{C01D330B-A8D6-4273-8ECE-B828DA641CF7}.Debug|Any CPU.ActiveCfg = Debug|Any CPU
		{C01D330B-A8D6-4273-8ECE-B828DA641CF7}.Debug|Any CPU.Build.0 = Debug|Any CPU
		{C01D330B-A8D6-4273-8ECE-B828DA641CF7}.Release|Any CPU.ActiveCfg = Release|Any CPU
		{C01D330B-A8D6-4273-8ECE-B828DA641CF7}.Release|Any CPU.Build.0 = Release|Any CPU
		{4DC4A82C-C2DC-4A8C-A721-44610DCD0B07}.Debug|Any CPU.ActiveCfg = Debug|Any CPU
		{4DC4A82C-C2DC-4A8C-A721-44610DCD0B07}.Debug|Any CPU.Build.0 = Debug|Any CPU
		{4DC4A82C-C2DC-4A8C-A721-44610DCD0B07}.Release|Any CPU.ActiveCfg = Release|Any CPU
		{4DC4A82C-C2DC-4A8C-A721-44610DCD0B07}.Release|Any CPU.Build.0 = Release|Any CPU
		{6584702E-F9A1-4D11-8E0E-11294D8D0FC9}.Debug|Any CPU.ActiveCfg = Debug|Any CPU
		{6584702E-F9A1-4D11-8E0E-11294D8D0FC9}.Debug|Any CPU.Build.0 = Debug|Any CPU
		{6584702E-F9A1-4D11-8E0E-11294D8D0FC9}.Release|Any CPU.ActiveCfg = Release|Any CPU
		{6584702E-F9A1-4D11-8E0E-11294D8D0FC9}.Release|Any CPU.Build.0 = Release|Any CPU
	EndGlobalSection
	GlobalSection(SolutionProperties) = preSolution
		HideSolutionNode = FALSE
	EndGlobalSection
EndGlobal
